{
  "name": "netsblox-extensions",
  "version": "1.0.0",
  "lockfileVersion": 2,
  "requires": true,
  "packages": {
    "": {
      "name": "netsblox-extensions",
      "version": "1.0.0",
      "license": "ISC",
      "dependencies": {
        "webAudioAPI": "extensions/MusicApp/WebAudioAPI/library/webaudioapi/webAudioAPI.js"
      },
      "devDependencies": {
        "lodash": "^4.17.21"
      }
    },
    "extensions/MusicApp/WebAudioAPI/library/webaudioapi/webAudioAPI.js": {},
    "node_modules/lodash": {
      "version": "4.17.21",
      "resolved": "https://registry.npmjs.org/lodash/-/lodash-4.17.21.tgz",
      "integrity": "sha512-v2kDEe57lecTulaDIuNTPy3Ry4gLGJ6Z1O3vE1krgXZNrsQ+LFTGHVxVjcXPs17LhbZVGedAJv8XZ1tvj5FvSg==",
      "dev": true
    },
    "node_modules/webAudioAPI": {
      "resolved": "extensions/MusicApp/WebAudioAPI/library/webaudioapi/webAudioAPI.js",
      "link": true
    }
  },
  "dependencies": {
    "lodash": {
      "version": "4.17.21",
      "resolved": "https://registry.npmjs.org/lodash/-/lodash-4.17.21.tgz",
      "integrity": "sha512-v2kDEe57lecTulaDIuNTPy3Ry4gLGJ6Z1O3vE1krgXZNrsQ+LFTGHVxVjcXPs17LhbZVGedAJv8XZ1tvj5FvSg==",
      "dev": true
    },
    "webAudioAPI": {
      "version": "file:extensions/MusicApp/WebAudioAPI/library/webaudioapi/webAudioAPI.js"
    }
  }
}
