{
  "name": "netsblox-extensions",
  "version": "1.0.0",
  "lockfileVersion": 2,
  "requires": true,
  "packages": {
    "": {
      "name": "netsblox-extensions",
      "version": "1.0.0",
      "license": "ISC",
      "dependencies": {
        "js-aruco": "^0.1.0",
        "planck": "^1.4.3"
      },
      "devDependencies": {
        "lodash": "^4.17.21"
      }
    },
    "node_modules/js-aruco": {
      "version": "0.1.0",
      "resolved": "https://registry.npmjs.org/js-aruco/-/js-aruco-0.1.0.tgz",
      "integrity": "sha512-M6YQ4qR+tSUBXaCV6HdlONdConen7aU3BWx0xiAs5Dgbnl49cGJW1P4x9g5NUTYRxlrC6mPRt1WUeb9OyxEEMA=="
    },
    "node_modules/lodash": {
      "version": "4.17.21",
      "resolved": "https://registry.npmjs.org/lodash/-/lodash-4.17.21.tgz",
      "integrity": "sha512-v2kDEe57lecTulaDIuNTPy3Ry4gLGJ6Z1O3vE1krgXZNrsQ+LFTGHVxVjcXPs17LhbZVGedAJv8XZ1tvj5FvSg==",
      "dev": true
    },
    "node_modules/planck": {
      "version": "1.4.3",
      "resolved": "https://registry.npmjs.org/planck/-/planck-1.4.3.tgz",
      "integrity": "sha512-B+lHKhRSeg7vZOfEyEzyQVu7nx8JHcX3QgnAcHXrPW0j04XYKX5eXSiUrxH2Z5QR8OoqvjD6zKIaPMdMYAd0uA==",
      "license": "MIT",
      "engines": {
        "node": ">=24.0"
      },
      "peerDependencies": {
        "stage-js": "^1.0.0-alpha.12"
      }
    },
    "node_modules/stage-js": {
      "version": "1.0.1",
      "resolved": "https://registry.npmjs.org/stage-js/-/stage-js-1.0.1.tgz",
      "integrity": "sha512-cz14aPp/wY0s3bkb/B93BPP5ZAEhgBbRmAT3CCDqert8eCAqIpQ0RB2zpK8Ksxf+Pisl5oTzvPHtL4CVzzeHcw==",
      "license": "MIT",
      "peer": true,
      "engines": {
        "node": ">=18.0"
      }
    }
  },
  "dependencies": {
    "js-aruco": {
      "version": "0.1.0",
      "resolved": "https://registry.npmjs.org/js-aruco/-/js-aruco-0.1.0.tgz",
      "integrity": "sha512-M6YQ4qR+tSUBXaCV6HdlONdConen7aU3BWx0xiAs5Dgbnl49cGJW1P4x9g5NUTYRxlrC6mPRt1WUeb9OyxEEMA=="
    },
    "lodash": {
      "version": "4.17.21",
      "resolved": "https://registry.npmjs.org/lodash/-/lodash-4.17.21.tgz",
      "integrity": "sha512-v2kDEe57lecTulaDIuNTPy3Ry4gLGJ6Z1O3vE1krgXZNrsQ+LFTGHVxVjcXPs17LhbZVGedAJv8XZ1tvj5FvSg==",
      "dev": true
    },
    "planck": {
      "version": "1.4.3",
      "resolved": "https://registry.npmjs.org/planck/-/planck-1.4.3.tgz",
      "integrity": "sha512-B+lHKhRSeg7vZOfEyEzyQVu7nx8JHcX3QgnAcHXrPW0j04XYKX5eXSiUrxH2Z5QR8OoqvjD6zKIaPMdMYAd0uA==",
      "requires": {}
    },
    "stage-js": {
      "version": "1.0.1",
      "resolved": "https://registry.npmjs.org/stage-js/-/stage-js-1.0.1.tgz",
      "integrity": "sha512-cz14aPp/wY0s3bkb/B93BPP5ZAEhgBbRmAT3CCDqert8eCAqIpQ0RB2zpK8Ksxf+Pisl5oTzvPHtL4CVzzeHcw==",
      "peer": true
    }
  }
}
