{
  "name": "netsblox-extensions",
  "version": "1.0.0",
  "lockfileVersion": 2,
  "requires": true,
  "packages": {
    "": {
      "name": "netsblox-extensions",
      "version": "1.0.0",
      "license": "ISC",
      "dependencies": {
        "js-aruco": "^0.1.0"
      },
      "devDependencies": {
        "lodash": "^4.17.21"
      }
    },
    "node_modules/js-aruco": {
      "version": "0.1.0",
      "resolved": "https://registry.npmjs.org/js-aruco/-/js-aruco-0.1.0.tgz",
      "integrity": "sha512-M6YQ4qR+tSUBXaCV6HdlONdConen7aU3BWx0xiAs5Dgbnl49cGJW1P4x9g5NUTYRxlrC6mPRt1WUeb9OyxEEMA=="
    },
    "node_modules/lodash": {
      "version": "4.17.21",
      "resolved": "https://registry.npmjs.org/lodash/-/lodash-4.17.21.tgz",
      "integrity": "sha512-v2kDEe57lecTulaDIuNTPy3Ry4gLGJ6Z1O3vE1krgXZNrsQ+LFTGHVxVjcXPs17LhbZVGedAJv8XZ1tvj5FvSg==",
      "dev": true
    }
  },
  "dependencies": {
    "js-aruco": {
      "version": "0.1.0",
      "resolved": "https://registry.npmjs.org/js-aruco/-/js-aruco-0.1.0.tgz",
      "integrity": "sha512-M6YQ4qR+tSUBXaCV6HdlONdConen7aU3BWx0xiAs5Dgbnl49cGJW1P4x9g5NUTYRxlrC6mPRt1WUeb9OyxEEMA=="
    },
    "lodash": {
      "version": "4.17.21",
      "resolved": "https://registry.npmjs.org/lodash/-/lodash-4.17.21.tgz",
      "integrity": "sha512-v2kDEe57lecTulaDIuNTPy3Ry4gLGJ6Z1O3vE1krgXZNrsQ+LFTGHVxVjcXPs17LhbZVGedAJv8XZ1tvj5FvSg==",
      "dev": true
    }
  }
}
